
Microsoft Visual Studio Solution File, Format Version 12.00
# Visual Studio Version 17
VisualStudioVersion = 17.7.34031.279
MinimumVisualStudioVersion = 10.0.40219.1
Project("{9A19103F-16F7-4668-BE54-9A1E7A4F7556}") = "BlazorAppHolaMundo", "BlazorAppHolaMundo\BlazorAppHolaMundo.csproj", "{96766605-B88B-4B40-B8E3-01DA32ADC39F}"
EndProject
Global
	GlobalSection(SolutionConfigurationPlatforms) = preSolution
		Debug|Any CPU = Debug|Any CPU
		Release|Any CPU = Release|Any CPU
	EndGlobalSection
	GlobalSection(ProjectConfigurationPlatforms) = postSolution
		{96766605-B88B-4B40-B8E3-01DA32ADC39F}.Debug|Any CPU.ActiveCfg = Debug|Any CPU
		{96766605-B88B-4B40-B8E3-01DA32ADC39F}.Debug|Any CPU.Build.0 = Debug|Any CPU
		{96766605-B88B-4B40-B8E3-01DA32ADC39F}.Release|Any CPU.ActiveCfg = Release|Any CPU
		{96766605-B88B-4B40-B8E3-01DA32ADC39F}.Release|Any CPU.Build.0 = Release|Any CPU
	EndGlobalSection
	GlobalSection(SolutionProperties) = preSolution
		HideSolutionNode = FALSE
	EndGlobalSection
	GlobalSection(ExtensibilityGlobals) = postSolution
		SolutionGuid = {AE170212-E043-422A-9018-833A4F60A846}
	EndGlobalSection
EndGlobal
